
Microsoft Visual Studio Solution File, Format Version 12.00
# Visual Studio Version 16
VisualStudioVersion = 16.0.30621.155
MinimumVisualStudioVersion = 10.0.40219.1
Project("{9A19103F-16F7-4668-BE54-9A1E7A4F7556}") = "Digify.Tenants", "Digify.Tenants\Digify.Tenants.csproj", "{A565B0F5-FC8C-4D4F-8325-7C00F255276B}"
EndProject
Global
	GlobalSection(SolutionConfigurationPlatforms) = preSolution
		Debug|Any CPU = Debug|Any CPU
		Release|Any CPU = Release|Any CPU
	EndGlobalSection
	GlobalSection(ProjectConfigurationPlatforms) = postSolution
		{A565B0F5-FC8C-4D4F-8325-7C00F255276B}.Debug|Any CPU.ActiveCfg = Debug|Any CPU
		{A565B0F5-FC8C-4D4F-8325-7C00F255276B}.Debug|Any CPU.Build.0 = Debug|Any CPU
		{A565B0F5-FC8C-4D4F-8325-7C00F255276B}.Release|Any CPU.ActiveCfg = Release|Any CPU
		{A565B0F5-FC8C-4D4F-8325-7C00F255276B}.Release|Any CPU.Build.0 = Release|Any CPU
	EndGlobalSection
	GlobalSection(SolutionProperties) = preSolution
		HideSolutionNode = FALSE
	EndGlobalSection
	GlobalSection(ExtensibilityGlobals) = postSolution
		SolutionGuid = {A7AB216B-8FBC-4C27-BA37-71870F4AB490}
	EndGlobalSection
EndGlobal
